# THIS IS AN AUTOGENERATED FILE. DO NOT EDIT THIS FILE DIRECTLY.
# yarn lockfile v1


decode-uri-component@^0.4.1:
  version "0.4.1"
  resolved "https://registry.yarnpkg.com/decode-uri-component/-/decode-uri-component-0.4.1.tgz#2ac4859663c704be22bf7db760a1494a49ab2cc5"
  integrity sha512-+8VxcR21HhTy8nOt6jf20w0c9CADrw1O8d+VZ/YzzCt4bJ3uBjw+D1q2osAB8RnpwwaeYBxy0HyKQxD5JBMuuQ==

filter-obj@^5.1.0:
  version "5.1.0"
  resolved "https://registry.yarnpkg.com/filter-obj/-/filter-obj-5.1.0.tgz#5bd89676000a713d7db2e197f660274428e524ed"
  integrity sha512-qWeTREPoT7I0bifpPUXtxkZJ1XJzxWtfoWWkdVGqa+eCr3SHW/Ocp89o8vLvbUuQnadybJpjOKu4V+RwO6sGng==

handler-agent@0.2.0:
  version "0.2.0"
  resolved "https://registry.yarnpkg.com/handler-agent/-/handler-agent-0.2.0.tgz#bb77cd70b60bd7073b5327a7c3dbaec9420165d4"
  integrity sha512-cUduQxa5p3TFtGmb55mrRbkk/3EJCsLSeFrCIuTakQHQlYVWXeW2L9IUQUHyoHLI4UgpBNaN2JrZ0He1jPu+vg==

micri@^4.5.1:
  version "4.5.1"
  resolved "https://registry.yarnpkg.com/micri/-/micri-4.5.1.tgz#be286b99b73d59d38bab190988f98d74aef621e8"
  integrity sha512-AtvnSBGFglNr+iqs5gufpHT9xRXUabgu9vYEnQYPXSBs+nLSBvmUS5Mzg+3LJ9eQBrNA1o5M49WeqiX1f+d2sg==
  dependencies:
    handler-agent "0.2.0"

query-string@^8.2.0:
  version "8.2.0"
  resolved "https://registry.yarnpkg.com/query-string/-/query-string-8.2.0.tgz#f0b0ef6caa85f525dbdb745a67d3f8c08d71cc6b"
  integrity sha512-tUZIw8J0CawM5wyGBiDOAp7ObdRQh4uBor/fUR9ZjmbZVvw95OD9If4w3MQxr99rg0DJZ/9CIORcpEqU5hQG7g==
  dependencies:
    decode-uri-component "^0.4.1"
    filter-obj "^5.1.0"
    split-on-first "^3.0.0"

split-on-first@^3.0.0:
  version "3.0.0"
  resolved "https://registry.yarnpkg.com/split-on-first/-/split-on-first-3.0.0.tgz#f04959c9ea8101b9b0bbf35a61b9ebea784a23e7"
  integrity sha512-qxQJTx2ryR0Dw0ITYyekNQWpz6f8dGd7vffGNflQQ3Iqj9NJ6qiZ7ELpZsJ/QBhIVAiDfXdag3+Gp8RvWa62AA==
